Microsoft Visual Studio Solution File, Format Version 12.00
# Visual Studio Version 17
VisualStudioVersion = 17.5.2.0
MinimumVisualStudioVersion = 10.0.40219.1
Project("{FAE04EC0-301F-11D3-BF4B-00C04F79EFBC}") = "SpendApp", "SpendApp.csproj", "{5DA48150-7ACD-685C-F2FF-7C4A5F95A5F9}"
EndProject
Global
	GlobalSection(SolutionConfigurationPlatforms) = preSolution
		Debug|Any CPU = Debug|Any CPU
		Release|Any CPU = Release|Any CPU
	EndGlobalSection
	GlobalSection(ProjectConfigurationPlatforms) = postSolution
		{5DA48150-7ACD-685C-F2FF-7C4A5F95A5F9}.Debug|Any CPU.ActiveCfg = Debug|Any CPU
		{5DA48150-7ACD-685C-F2FF-7C4A5F95A5F9}.Debug|Any CPU.Build.0 = Debug|Any CPU
		{5DA48150-7ACD-685C-F2FF-7C4A5F95A5F9}.Release|Any CPU.ActiveCfg = Release|Any CPU
		{5DA48150-7ACD-685C-F2FF-7C4A5F95A5F9}.Release|Any CPU.Build.0 = Release|Any CPU
	EndGlobalSection
	GlobalSection(SolutionProperties) = preSolution
		HideSolutionNode = FALSE
	EndGlobalSection
	GlobalSection(ExtensibilityGlobals) = postSolution
		SolutionGuid = {1E05C9B6-BC56-46A6-BE24-51A8321EAF3F}
	EndGlobalSection
EndGlobal
